
Microsoft Visual Studio Solution File, Format Version 12.00
# Visual Studio Version 17
VisualStudioVersion = 17.4.33205.214
MinimumVisualStudioVersion = 10.0.40219.1
Project("{FAE04EC0-301F-11D3-BF4B-00C04F79EFBC}") = "WebApi", "WebApi\WebApi.csproj", "{AE977185-8274-45D6-9546-5500FB959456}"
EndProject
Project("{FAE04EC0-301F-11D3-BF4B-00C04F79EFBC}") = "Infraestructure", "Infraestructure\Infraestructure.csproj", "{C6B83C5F-DEBF-4DC1-B476-273219A2E8E6}"
EndProject
Project("{FAE04EC0-301F-11D3-BF4B-00C04F79EFBC}") = "Domain", "Domain\Domain.csproj", "{65B3B9B7-D45C-41E3-B21B-F025F4B4E5B6}"
EndProject
Project("{FAE04EC0-301F-11D3-BF4B-00C04F79EFBC}") = "Application", "Application\Application.csproj", "{B7FC7CDD-55E3-43B8-BF52-23BE27E31F2E}"
EndProject
Project("{FAE04EC0-301F-11D3-BF4B-00C04F79EFBC}") = "Utils", "Utils\Utils.csproj", "{72F61422-2FF8-41DF-8163-D3C44150DD6B}"
EndProject
Global
	GlobalSection(SolutionConfigurationPlatforms) = preSolution
		Debug|Any CPU = Debug|Any CPU
		Release|Any CPU = Release|Any CPU
	EndGlobalSection
	GlobalSection(ProjectConfigurationPlatforms) = postSolution
		{AE977185-8274-45D6-9546-5500FB959456}.Debug|Any CPU.ActiveCfg = Debug|Any CPU
		{AE977185-8274-45D6-9546-5500FB959456}.Debug|Any CPU.Build.0 = Debug|Any CPU
		{AE977185-8274-45D6-9546-5500FB959456}.Release|Any CPU.ActiveCfg = Release|Any CPU
		{AE977185-8274-45D6-9546-5500FB959456}.Release|Any CPU.Build.0 = Release|Any CPU
		{C6B83C5F-DEBF-4DC1-B476-273219A2E8E6}.Debug|Any CPU.ActiveCfg = Debug|Any CPU
		{C6B83C5F-DEBF-4DC1-B476-273219A2E8E6}.Debug|Any CPU.Build.0 = Debug|Any CPU
		{C6B83C5F-DEBF-4DC1-B476-273219A2E8E6}.Release|Any CPU.ActiveCfg = Release|Any CPU
		{C6B83C5F-DEBF-4DC1-B476-273219A2E8E6}.Release|Any CPU.Build.0 = Release|Any CPU
		{65B3B9B7-D45C-41E3-B21B-F025F4B4E5B6}.Debug|Any CPU.ActiveCfg = Debug|Any CPU
		{65B3B9B7-D45C-41E3-B21B-F025F4B4E5B6}.Debug|Any CPU.Build.0 = Debug|Any CPU
		{65B3B9B7-D45C-41E3-B21B-F025F4B4E5B6}.Release|Any CPU.ActiveCfg = Release|Any CPU
		{65B3B9B7-D45C-41E3-B21B-F025F4B4E5B6}.Release|Any CPU.Build.0 = Release|Any CPU
		{B7FC7CDD-55E3-43B8-BF52-23BE27E31F2E}.Debug|Any CPU.ActiveCfg = Debug|Any CPU
		{B7FC7CDD-55E3-43B8-BF52-23BE27E31F2E}.Debug|Any CPU.Build.0 = Debug|Any CPU
		{B7FC7CDD-55E3-43B8-BF52-23BE27E31F2E}.Release|Any CPU.ActiveCfg = Release|Any CPU
		{B7FC7CDD-55E3-43B8-BF52-23BE27E31F2E}.Release|Any CPU.Build.0 = Release|Any CPU
		{72F61422-2FF8-41DF-8163-D3C44150DD6B}.Debug|Any CPU.ActiveCfg = Debug|Any CPU
		{72F61422-2FF8-41DF-8163-D3C44150DD6B}.Debug|Any CPU.Build.0 = Debug|Any CPU
		{72F61422-2FF8-41DF-8163-D3C44150DD6B}.Release|Any CPU.ActiveCfg = Release|Any CPU
		{72F61422-2FF8-41DF-8163-D3C44150DD6B}.Release|Any CPU.Build.0 = Release|Any CPU
	EndGlobalSection
	GlobalSection(SolutionProperties) = preSolution
		HideSolutionNode = FALSE
	EndGlobalSection
	GlobalSection(ExtensibilityGlobals) = postSolution
		SolutionGuid = {08DFAE37-4086-44A3-8E11-070EC10531EF}
	EndGlobalSection
EndGlobal
